
Microsoft Visual Studio Solution File, Format Version 12.00
# Visual Studio 15
VisualStudioVersion = 15.0.26430.15
MinimumVisualStudioVersion = 10.0.40219.1
Project("{8BC9CEB8-8B4A-11D0-8D11-00A0C91BC942}") = "Ex1 Output Variables", "Ex1 Output Variables\Ex1 Output Variables.vcxproj", "{1747B729-4FEE-45E2-A731-DA1EEF7DAC70}"
EndProject
Project("{8BC9CEB8-8B4A-11D0-8D11-00A0C91BC942}") = "Ex2 Input", "Ex2 Input\Ex2 Input.vcxproj", "{3EE72895-C29A-4112-A4F0-534339716483}"
EndProject
Project("{8BC9CEB8-8B4A-11D0-8D11-00A0C91BC942}") = "Ex3 Multiple inputs", "Ex3 Multiple inputs\Ex3 Multiple inputs.vcxproj", "{59C1E9C4-D331-4687-908B-35E96AC5CC0D}"
EndProject
Project("{8BC9CEB8-8B4A-11D0-8D11-00A0C91BC942}") = "Ex4 Scope", "Ex4 Scope\Ex4 Scope.vcxproj", "{F1AACF33-831B-4FF4-AC20-5E4127AB3583}"
EndProject
Project("{8BC9CEB8-8B4A-11D0-8D11-00A0C91BC942}") = "Ex5 Selection (2 variables)", "Ex5 Selection (2 variables)\Ex5 Selection (2 variables).vcxproj", "{443078F8-5290-48A4-B4A3-E51BE21F1BC6}"
EndProject
Global
	GlobalSection(SolutionConfigurationPlatforms) = preSolution
		Debug|x64 = Debug|x64
		Debug|x86 = Debug|x86
		Release|x64 = Release|x64
		Release|x86 = Release|x86
	EndGlobalSection
	GlobalSection(ProjectConfigurationPlatforms) = postSolution
		{1747B729-4FEE-45E2-A731-DA1EEF7DAC70}.Debug|x64.ActiveCfg = Debug|x64
		{1747B729-4FEE-45E2-A731-DA1EEF7DAC70}.Debug|x64.Build.0 = Debug|x64
		{1747B729-4FEE-45E2-A731-DA1EEF7DAC70}.Debug|x86.ActiveCfg = Debug|Win32
		{1747B729-4FEE-45E2-A731-DA1EEF7DAC70}.Debug|x86.Build.0 = Debug|Win32
		{1747B729-4FEE-45E2-A731-DA1EEF7DAC70}.Release|x64.ActiveCfg = Release|x64
		{1747B729-4FEE-45E2-A731-DA1EEF7DAC70}.Release|x64.Build.0 = Release|x64
		{1747B729-4FEE-45E2-A731-DA1EEF7DAC70}.Release|x86.ActiveCfg = Release|Win32
		{1747B729-4FEE-45E2-A731-DA1EEF7DAC70}.Release|x86.Build.0 = Release|Win32
		{3EE72895-C29A-4112-A4F0-534339716483}.Debug|x64.ActiveCfg = Debug|x64
		{3EE72895-C29A-4112-A4F0-534339716483}.Debug|x64.Build.0 = Debug|x64
		{3EE72895-C29A-4112-A4F0-534339716483}.Debug|x86.ActiveCfg = Debug|Win32
		{3EE72895-C29A-4112-A4F0-534339716483}.Debug|x86.Build.0 = Debug|Win32
		{3EE72895-C29A-4112-A4F0-534339716483}.Release|x64.ActiveCfg = Release|x64
		{3EE72895-C29A-4112-A4F0-534339716483}.Release|x64.Build.0 = Release|x64
		{3EE72895-C29A-4112-A4F0-534339716483}.Release|x86.ActiveCfg = Release|Win32
		{3EE72895-C29A-4112-A4F0-534339716483}.Release|x86.Build.0 = Release|Win32
		{59C1E9C4-D331-4687-908B-35E96AC5CC0D}.Debug|x64.ActiveCfg = Debug|x64
		{59C1E9C4-D331-4687-908B-35E96AC5CC0D}.Debug|x64.Build.0 = Debug|x64
		{59C1E9C4-D331-4687-908B-35E96AC5CC0D}.Debug|x86.ActiveCfg = Debug|Win32
		{59C1E9C4-D331-4687-908B-35E96AC5CC0D}.Debug|x86.Build.0 = Debug|Win32
		{59C1E9C4-D331-4687-908B-35E96AC5CC0D}.Release|x64.ActiveCfg = Release|x64
		{59C1E9C4-D331-4687-908B-35E96AC5CC0D}.Release|x64.Build.0 = Release|x64
		{59C1E9C4-D331-4687-908B-35E96AC5CC0D}.Release|x86.ActiveCfg = Release|Win32
		{59C1E9C4-D331-4687-908B-35E96AC5CC0D}.Release|x86.Build.0 = Release|Win32
		{F1AACF33-831B-4FF4-AC20-5E4127AB3583}.Debug|x64.ActiveCfg = Debug|x64
		{F1AACF33-831B-4FF4-AC20-5E4127AB3583}.Debug|x64.Build.0 = Debug|x64
		{F1AACF33-831B-4FF4-AC20-5E4127AB3583}.Debug|x86.ActiveCfg = Debug|Win32
		{F1AACF33-831B-4FF4-AC20-5E4127AB3583}.Debug|x86.Build.0 = Debug|Win32
		{F1AACF33-831B-4FF4-AC20-5E4127AB3583}.Release|x64.ActiveCfg = Release|x64
		{F1AACF33-831B-4FF4-AC20-5E4127AB3583}.Release|x64.Build.0 = Release|x64
		{F1AACF33-831B-4FF4-AC20-5E4127AB3583}.Release|x86.ActiveCfg = Release|Win32
		{F1AACF33-831B-4FF4-AC20-5E4127AB3583}.Release|x86.Build.0 = Release|Win32
		{443078F8-5290-48A4-B4A3-E51BE21F1BC6}.Debug|x64.ActiveCfg = Debug|x64
		{443078F8-5290-48A4-B4A3-E51BE21F1BC6}.Debug|x64.Build.0 = Debug|x64
		{443078F8-5290-48A4-B4A3-E51BE21F1BC6}.Debug|x86.ActiveCfg = Debug|Win32
		{443078F8-5290-48A4-B4A3-E51BE21F1BC6}.Debug|x86.Build.0 = Debug|Win32
		{443078F8-5290-48A4-B4A3-E51BE21F1BC6}.Release|x64.ActiveCfg = Release|x64
		{443078F8-5290-48A4-B4A3-E51BE21F1BC6}.Release|x64.Build.0 = Release|x64
		{443078F8-5290-48A4-B4A3-E51BE21F1BC6}.Release|x86.ActiveCfg = Release|Win32
		{443078F8-5290-48A4-B4A3-E51BE21F1BC6}.Release|x86.Build.0 = Release|Win32
	EndGlobalSection
	GlobalSection(SolutionProperties) = preSolution
		HideSolutionNode = FALSE
	EndGlobalSection
EndGlobal
